
Microsoft Visual Studio Solution File, Format Version 12.00
# Visual Studio Version 17
VisualStudioVersion = 17.4.33205.214
MinimumVisualStudioVersion = 10.0.40219.1
Project("{8BC9CEB8-8B4A-11D0-8D11-00A0C91BC942}") = "1780lab14-1", "1780lab14-1\1780lab14-1.vcxproj", "{74EE6F24-AD44-49CD-A322-204F38F9D72E}"
EndProject
Global
	GlobalSection(SolutionConfigurationPlatforms) = preSolution
		Debug|x64 = Debug|x64
		Debug|x86 = Debug|x86
		Release|x64 = Release|x64
		Release|x86 = Release|x86
	EndGlobalSection
	GlobalSection(ProjectConfigurationPlatforms) = postSolution
		{74EE6F24-AD44-49CD-A322-204F38F9D72E}.Debug|x64.ActiveCfg = Debug|x64
		{74EE6F24-AD44-49CD-A322-204F38F9D72E}.Debug|x64.Build.0 = Debug|x64
		{74EE6F24-AD44-49CD-A322-204F38F9D72E}.Debug|x86.ActiveCfg = Debug|Win32
		{74EE6F24-AD44-49CD-A322-204F38F9D72E}.Debug|x86.Build.0 = Debug|Win32
		{74EE6F24-AD44-49CD-A322-204F38F9D72E}.Release|x64.ActiveCfg = Release|x64
		{74EE6F24-AD44-49CD-A322-204F38F9D72E}.Release|x64.Build.0 = Release|x64
		{74EE6F24-AD44-49CD-A322-204F38F9D72E}.Release|x86.ActiveCfg = Release|Win32
		{74EE6F24-AD44-49CD-A322-204F38F9D72E}.Release|x86.Build.0 = Release|Win32
	EndGlobalSection
	GlobalSection(SolutionProperties) = preSolution
		HideSolutionNode = FALSE
	EndGlobalSection
	GlobalSection(ExtensibilityGlobals) = postSolution
		SolutionGuid = {DBB92DC6-C9E8-47BF-93D9-D7A8E40B0B17}
	EndGlobalSection
EndGlobal
