
Microsoft Visual Studio Solution File, Format Version 12.00
# Visual Studio Version 17
VisualStudioVersion = 17.4.33205.214
MinimumVisualStudioVersion = 10.0.40219.1
Project("{8BC9CEB8-8B4A-11D0-8D11-00A0C91BC942}") = "1780lab13-2", "1780lab13-2\1780lab13-2.vcxproj", "{B3CCAA1E-C689-4189-8AA2-2B337ED63111}"
EndProject
Global
	GlobalSection(SolutionConfigurationPlatforms) = preSolution
		Debug|x64 = Debug|x64
		Debug|x86 = Debug|x86
		Release|x64 = Release|x64
		Release|x86 = Release|x86
	EndGlobalSection
	GlobalSection(ProjectConfigurationPlatforms) = postSolution
		{B3CCAA1E-C689-4189-8AA2-2B337ED63111}.Debug|x64.ActiveCfg = Debug|x64
		{B3CCAA1E-C689-4189-8AA2-2B337ED63111}.Debug|x64.Build.0 = Debug|x64
		{B3CCAA1E-C689-4189-8AA2-2B337ED63111}.Debug|x86.ActiveCfg = Debug|Win32
		{B3CCAA1E-C689-4189-8AA2-2B337ED63111}.Debug|x86.Build.0 = Debug|Win32
		{B3CCAA1E-C689-4189-8AA2-2B337ED63111}.Release|x64.ActiveCfg = Release|x64
		{B3CCAA1E-C689-4189-8AA2-2B337ED63111}.Release|x64.Build.0 = Release|x64
		{B3CCAA1E-C689-4189-8AA2-2B337ED63111}.Release|x86.ActiveCfg = Release|Win32
		{B3CCAA1E-C689-4189-8AA2-2B337ED63111}.Release|x86.Build.0 = Release|Win32
	EndGlobalSection
	GlobalSection(SolutionProperties) = preSolution
		HideSolutionNode = FALSE
	EndGlobalSection
	GlobalSection(ExtensibilityGlobals) = postSolution
		SolutionGuid = {FB3D5A27-4C61-4B64-AFE0-C1ED1125C84C}
	EndGlobalSection
EndGlobal
