
Microsoft Visual Studio Solution File, Format Version 12.00
# Visual Studio Version 17
VisualStudioVersion = 17.4.33205.214
MinimumVisualStudioVersion = 10.0.40219.1
Project("{8BC9CEB8-8B4A-11D0-8D11-00A0C91BC942}") = "1780lab2-4", "1780lab2-4\1780lab2-4.vcxproj", "{96C90A5F-F340-41E3-932B-8FB575C7D7A4}"
EndProject
Global
	GlobalSection(SolutionConfigurationPlatforms) = preSolution
		Debug|x64 = Debug|x64
		Debug|x86 = Debug|x86
		Release|x64 = Release|x64
		Release|x86 = Release|x86
	EndGlobalSection
	GlobalSection(ProjectConfigurationPlatforms) = postSolution
		{96C90A5F-F340-41E3-932B-8FB575C7D7A4}.Debug|x64.ActiveCfg = Debug|x64
		{96C90A5F-F340-41E3-932B-8FB575C7D7A4}.Debug|x64.Build.0 = Debug|x64
		{96C90A5F-F340-41E3-932B-8FB575C7D7A4}.Debug|x86.ActiveCfg = Debug|Win32
		{96C90A5F-F340-41E3-932B-8FB575C7D7A4}.Debug|x86.Build.0 = Debug|Win32
		{96C90A5F-F340-41E3-932B-8FB575C7D7A4}.Release|x64.ActiveCfg = Release|x64
		{96C90A5F-F340-41E3-932B-8FB575C7D7A4}.Release|x64.Build.0 = Release|x64
		{96C90A5F-F340-41E3-932B-8FB575C7D7A4}.Release|x86.ActiveCfg = Release|Win32
		{96C90A5F-F340-41E3-932B-8FB575C7D7A4}.Release|x86.Build.0 = Release|Win32
	EndGlobalSection
	GlobalSection(SolutionProperties) = preSolution
		HideSolutionNode = FALSE
	EndGlobalSection
	GlobalSection(ExtensibilityGlobals) = postSolution
		SolutionGuid = {82DB3663-8ABC-4BFA-B22D-C273CAA394A3}
	EndGlobalSection
EndGlobal
