
Microsoft Visual Studio Solution File, Format Version 12.00
# Visual Studio Version 17
VisualStudioVersion = 17.4.33205.214
MinimumVisualStudioVersion = 10.0.40219.1
Project("{8BC9CEB8-8B4A-11D0-8D11-00A0C91BC942}") = "1780lab9-1", "1780lab9-1\1780lab9-1.vcxproj", "{EA69512C-FA54-4258-A491-76572E19DB6C}"
EndProject
Global
	GlobalSection(SolutionConfigurationPlatforms) = preSolution
		Debug|x64 = Debug|x64
		Debug|x86 = Debug|x86
		Release|x64 = Release|x64
		Release|x86 = Release|x86
	EndGlobalSection
	GlobalSection(ProjectConfigurationPlatforms) = postSolution
		{EA69512C-FA54-4258-A491-76572E19DB6C}.Debug|x64.ActiveCfg = Debug|x64
		{EA69512C-FA54-4258-A491-76572E19DB6C}.Debug|x64.Build.0 = Debug|x64
		{EA69512C-FA54-4258-A491-76572E19DB6C}.Debug|x86.ActiveCfg = Debug|Win32
		{EA69512C-FA54-4258-A491-76572E19DB6C}.Debug|x86.Build.0 = Debug|Win32
		{EA69512C-FA54-4258-A491-76572E19DB6C}.Release|x64.ActiveCfg = Release|x64
		{EA69512C-FA54-4258-A491-76572E19DB6C}.Release|x64.Build.0 = Release|x64
		{EA69512C-FA54-4258-A491-76572E19DB6C}.Release|x86.ActiveCfg = Release|Win32
		{EA69512C-FA54-4258-A491-76572E19DB6C}.Release|x86.Build.0 = Release|Win32
	EndGlobalSection
	GlobalSection(SolutionProperties) = preSolution
		HideSolutionNode = FALSE
	EndGlobalSection
	GlobalSection(ExtensibilityGlobals) = postSolution
		SolutionGuid = {94E0CEE0-5A4C-48B5-A6C4-71820D592DDF}
	EndGlobalSection
EndGlobal
