
Microsoft Visual Studio Solution File, Format Version 12.00
# Visual Studio Version 17
VisualStudioVersion = 17.4.33205.214
MinimumVisualStudioVersion = 10.0.40219.1
Project("{8BC9CEB8-8B4A-11D0-8D11-00A0C91BC942}") = "1780lab14-7", "1780lab14-7\1780lab14-7.vcxproj", "{66AC2B2B-9D6A-4F1F-9319-C0627C8E678C}"
EndProject
Global
	GlobalSection(SolutionConfigurationPlatforms) = preSolution
		Debug|x64 = Debug|x64
		Debug|x86 = Debug|x86
		Release|x64 = Release|x64
		Release|x86 = Release|x86
	EndGlobalSection
	GlobalSection(ProjectConfigurationPlatforms) = postSolution
		{66AC2B2B-9D6A-4F1F-9319-C0627C8E678C}.Debug|x64.ActiveCfg = Debug|x64
		{66AC2B2B-9D6A-4F1F-9319-C0627C8E678C}.Debug|x64.Build.0 = Debug|x64
		{66AC2B2B-9D6A-4F1F-9319-C0627C8E678C}.Debug|x86.ActiveCfg = Debug|Win32
		{66AC2B2B-9D6A-4F1F-9319-C0627C8E678C}.Debug|x86.Build.0 = Debug|Win32
		{66AC2B2B-9D6A-4F1F-9319-C0627C8E678C}.Release|x64.ActiveCfg = Release|x64
		{66AC2B2B-9D6A-4F1F-9319-C0627C8E678C}.Release|x64.Build.0 = Release|x64
		{66AC2B2B-9D6A-4F1F-9319-C0627C8E678C}.Release|x86.ActiveCfg = Release|Win32
		{66AC2B2B-9D6A-4F1F-9319-C0627C8E678C}.Release|x86.Build.0 = Release|Win32
	EndGlobalSection
	GlobalSection(SolutionProperties) = preSolution
		HideSolutionNode = FALSE
	EndGlobalSection
	GlobalSection(ExtensibilityGlobals) = postSolution
		SolutionGuid = {5DEE26F3-73FA-4B7D-82A7-4CD892708E21}
	EndGlobalSection
EndGlobal
